
Microsoft Visual Studio Solution File, Format Version 12.00
# Visual Studio 15
VisualStudioVersion = 15.0.28010.2036
MinimumVisualStudioVersion = 10.0.40219.1
Project("{FAE04EC0-301F-11D3-BF4B-00C04F79EFBC}") = "Expression", "Expression\Expression.csproj", "{61FFE3D8-349A-4A5D-9AAE-B2D9AC55C1BB}"
EndProject
Global
	GlobalSection(SolutionConfigurationPlatforms) = preSolution
		Debug|Any CPU = Debug|Any CPU
		Release|Any CPU = Release|Any CPU
	EndGlobalSection
	GlobalSection(ProjectConfigurationPlatforms) = postSolution
		{61FFE3D8-349A-4A5D-9AAE-B2D9AC55C1BB}.Debug|Any CPU.ActiveCfg = Debug|Any CPU
		{61FFE3D8-349A-4A5D-9AAE-B2D9AC55C1BB}.Debug|Any CPU.Build.0 = Debug|Any CPU
		{61FFE3D8-349A-4A5D-9AAE-B2D9AC55C1BB}.Release|Any CPU.ActiveCfg = Release|Any CPU
		{61FFE3D8-349A-4A5D-9AAE-B2D9AC55C1BB}.Release|Any CPU.Build.0 = Release|Any CPU
	EndGlobalSection
	GlobalSection(SolutionProperties) = preSolution
		HideSolutionNode = FALSE
	EndGlobalSection
	GlobalSection(ExtensibilityGlobals) = postSolution
		SolutionGuid = {AA02D1A4-B808-4263-9362-F45A87518BE6}
	EndGlobalSection
EndGlobal
