
Microsoft Visual Studio Solution File, Format Version 12.00
# Visual Studio Version 16
VisualStudioVersion = 16.0.28922.388
MinimumVisualStudioVersion = 10.0.40219.1
Project("{9A19103F-16F7-4668-BE54-9A1E7A4F7556}") = "1.LibraryL", "1.LibraryL\1.LibraryL.csproj", "{C94C1D2C-1A14-491A-8A80-B7D4DC901D22}"
EndProject
Project("{FAE04EC0-301F-11D3-BF4B-00C04F79EFBC}") = "1.ListyIteratorE", "1.ListyIteratorE\1.ListyIteratorE.csproj", "{37674BB4-1CCB-4787-B680-FFA4C4AAC634}"
EndProject
Project("{FAE04EC0-301F-11D3-BF4B-00C04F79EFBC}") = "2.StackE", "2.StackE\2.StackE.csproj", "{AC25E757-B802-47B6-8567-93E3C01F1962}"
EndProject
Project("{FAE04EC0-301F-11D3-BF4B-00C04F79EFBC}") = "3.Froggy", "3.Froggy\3.Froggy.csproj", "{5D32BED6-4B10-4FEB-804C-DD8C4A263949}"
EndProject
Project("{FAE04EC0-301F-11D3-BF4B-00C04F79EFBC}") = "4.ComparingObjectsE", "4.ComparingObjectsE\4.ComparingObjectsE.csproj", "{03BFBAEF-3957-40FA-B847-58C687DB4450}"
EndProject
Project("{FAE04EC0-301F-11D3-BF4B-00C04F79EFBC}") = "5.EquilityLogisE", "5.EquilityLogisE\5.EquilityLogisE.csproj", "{BF803470-544D-40D6-ADFE-F991B2A2BDC9}"
EndProject
Global
	GlobalSection(SolutionConfigurationPlatforms) = preSolution
		Debug|Any CPU = Debug|Any CPU
		Release|Any CPU = Release|Any CPU
	EndGlobalSection
	GlobalSection(ProjectConfigurationPlatforms) = postSolution
		{C94C1D2C-1A14-491A-8A80-B7D4DC901D22}.Debug|Any CPU.ActiveCfg = Debug|Any CPU
		{C94C1D2C-1A14-491A-8A80-B7D4DC901D22}.Debug|Any CPU.Build.0 = Debug|Any CPU
		{C94C1D2C-1A14-491A-8A80-B7D4DC901D22}.Release|Any CPU.ActiveCfg = Release|Any CPU
		{C94C1D2C-1A14-491A-8A80-B7D4DC901D22}.Release|Any CPU.Build.0 = Release|Any CPU
		{37674BB4-1CCB-4787-B680-FFA4C4AAC634}.Debug|Any CPU.ActiveCfg = Debug|Any CPU
		{37674BB4-1CCB-4787-B680-FFA4C4AAC634}.Debug|Any CPU.Build.0 = Debug|Any CPU
		{37674BB4-1CCB-4787-B680-FFA4C4AAC634}.Release|Any CPU.ActiveCfg = Release|Any CPU
		{37674BB4-1CCB-4787-B680-FFA4C4AAC634}.Release|Any CPU.Build.0 = Release|Any CPU
		{AC25E757-B802-47B6-8567-93E3C01F1962}.Debug|Any CPU.ActiveCfg = Debug|Any CPU
		{AC25E757-B802-47B6-8567-93E3C01F1962}.Debug|Any CPU.Build.0 = Debug|Any CPU
		{AC25E757-B802-47B6-8567-93E3C01F1962}.Release|Any CPU.ActiveCfg = Release|Any CPU
		{AC25E757-B802-47B6-8567-93E3C01F1962}.Release|Any CPU.Build.0 = Release|Any CPU
		{5D32BED6-4B10-4FEB-804C-DD8C4A263949}.Debug|Any CPU.ActiveCfg = Debug|Any CPU
		{5D32BED6-4B10-4FEB-804C-DD8C4A263949}.Debug|Any CPU.Build.0 = Debug|Any CPU
		{5D32BED6-4B10-4FEB-804C-DD8C4A263949}.Release|Any CPU.ActiveCfg = Release|Any CPU
		{5D32BED6-4B10-4FEB-804C-DD8C4A263949}.Release|Any CPU.Build.0 = Release|Any CPU
		{03BFBAEF-3957-40FA-B847-58C687DB4450}.Debug|Any CPU.ActiveCfg = Debug|Any CPU
		{03BFBAEF-3957-40FA-B847-58C687DB4450}.Debug|Any CPU.Build.0 = Debug|Any CPU
		{03BFBAEF-3957-40FA-B847-58C687DB4450}.Release|Any CPU.ActiveCfg = Release|Any CPU
		{03BFBAEF-3957-40FA-B847-58C687DB4450}.Release|Any CPU.Build.0 = Release|Any CPU
		{BF803470-544D-40D6-ADFE-F991B2A2BDC9}.Debug|Any CPU.ActiveCfg = Debug|Any CPU
		{BF803470-544D-40D6-ADFE-F991B2A2BDC9}.Debug|Any CPU.Build.0 = Debug|Any CPU
		{BF803470-544D-40D6-ADFE-F991B2A2BDC9}.Release|Any CPU.ActiveCfg = Release|Any CPU
		{BF803470-544D-40D6-ADFE-F991B2A2BDC9}.Release|Any CPU.Build.0 = Release|Any CPU
	EndGlobalSection
	GlobalSection(SolutionProperties) = preSolution
		HideSolutionNode = FALSE
	EndGlobalSection
	GlobalSection(ExtensibilityGlobals) = postSolution
		SolutionGuid = {5774EC7E-FCAB-4BDD-8A28-754265B431FB}
	EndGlobalSection
EndGlobal
