
Microsoft Visual Studio Solution File, Format Version 12.00
# Visual Studio 15
VisualStudioVersion = 15.0.28010.2036
MinimumVisualStudioVersion = 10.0.40219.1
Project("{FAE04EC0-301F-11D3-BF4B-00C04F79EFBC}") = "1.Ages", "1.Ages\1.Ages.csproj", "{363ED5B7-3EC3-4613-B776-C9E73E2E7F41}"
EndProject
Project("{FAE04EC0-301F-11D3-BF4B-00C04F79EFBC}") = "2.Division", "2.Division\2.Division.csproj", "{EDD61FC2-7F8B-4FC5-86D8-E6267CF1D249}"
EndProject
Project("{FAE04EC0-301F-11D3-BF4B-00C04F79EFBC}") = "3.Vacation", "3.Vacation\3.Vacation.csproj", "{00BEED64-7612-4656-B423-35C5A2E641D2}"
EndProject
Project("{FAE04EC0-301F-11D3-BF4B-00C04F79EFBC}") = "4.PrintAndSum", "4.PrintAndSum\4.PrintAndSum.csproj", "{2060AEE0-4ED1-4591-9A1B-769EE46D49B4}"
EndProject
Project("{FAE04EC0-301F-11D3-BF4B-00C04F79EFBC}") = "5.Login", "5.Login\5.Login.csproj", "{89F1F6F1-92F4-4856-85F6-0ACFD1BB016B}"
EndProject
Project("{FAE04EC0-301F-11D3-BF4B-00C04F79EFBC}") = "6.StrongNumber", "6.StrongNumber\6.StrongNumber.csproj", "{99493EFC-63C6-4647-A0B5-64D580AB36CF}"
EndProject
Project("{FAE04EC0-301F-11D3-BF4B-00C04F79EFBC}") = "7.VendingMachine", "7.VendingMachine\7.VendingMachine.csproj", "{A7041FC7-51EE-4A85-A901-CDE0268EE5AF}"
EndProject
Project("{FAE04EC0-301F-11D3-BF4B-00C04F79EFBC}") = "8.TrianglesOfNumber", "8.TrianglesOfNumber\8.TrianglesOfNumber.csproj", "{6B10915C-91CA-4969-B62E-23561EC41FF7}"
EndProject
Project("{FAE04EC0-301F-11D3-BF4B-00C04F79EFBC}") = "9.PadawanEquipment", "9.PadawanEquipment\9.PadawanEquipment.csproj", "{1D0C4F15-B7D9-454B-ABF9-33B169600430}"
EndProject
Project("{FAE04EC0-301F-11D3-BF4B-00C04F79EFBC}") = "10.RageExpenses", "10.RageExpenses\10.RageExpenses.csproj", "{FAB0FF93-C69A-4D83-A249-93679526155B}"
EndProject
Global
	GlobalSection(SolutionConfigurationPlatforms) = preSolution
		Debug|Any CPU = Debug|Any CPU
		Release|Any CPU = Release|Any CPU
	EndGlobalSection
	GlobalSection(ProjectConfigurationPlatforms) = postSolution
		{363ED5B7-3EC3-4613-B776-C9E73E2E7F41}.Debug|Any CPU.ActiveCfg = Debug|Any CPU
		{363ED5B7-3EC3-4613-B776-C9E73E2E7F41}.Debug|Any CPU.Build.0 = Debug|Any CPU
		{363ED5B7-3EC3-4613-B776-C9E73E2E7F41}.Release|Any CPU.ActiveCfg = Release|Any CPU
		{363ED5B7-3EC3-4613-B776-C9E73E2E7F41}.Release|Any CPU.Build.0 = Release|Any CPU
		{EDD61FC2-7F8B-4FC5-86D8-E6267CF1D249}.Debug|Any CPU.ActiveCfg = Debug|Any CPU
		{EDD61FC2-7F8B-4FC5-86D8-E6267CF1D249}.Debug|Any CPU.Build.0 = Debug|Any CPU
		{EDD61FC2-7F8B-4FC5-86D8-E6267CF1D249}.Release|Any CPU.ActiveCfg = Release|Any CPU
		{EDD61FC2-7F8B-4FC5-86D8-E6267CF1D249}.Release|Any CPU.Build.0 = Release|Any CPU
		{00BEED64-7612-4656-B423-35C5A2E641D2}.Debug|Any CPU.ActiveCfg = Debug|Any CPU
		{00BEED64-7612-4656-B423-35C5A2E641D2}.Debug|Any CPU.Build.0 = Debug|Any CPU
		{00BEED64-7612-4656-B423-35C5A2E641D2}.Release|Any CPU.ActiveCfg = Release|Any CPU
		{00BEED64-7612-4656-B423-35C5A2E641D2}.Release|Any CPU.Build.0 = Release|Any CPU
		{2060AEE0-4ED1-4591-9A1B-769EE46D49B4}.Debug|Any CPU.ActiveCfg = Debug|Any CPU
		{2060AEE0-4ED1-4591-9A1B-769EE46D49B4}.Debug|Any CPU.Build.0 = Debug|Any CPU
		{2060AEE0-4ED1-4591-9A1B-769EE46D49B4}.Release|Any CPU.ActiveCfg = Release|Any CPU
		{2060AEE0-4ED1-4591-9A1B-769EE46D49B4}.Release|Any CPU.Build.0 = Release|Any CPU
		{89F1F6F1-92F4-4856-85F6-0ACFD1BB016B}.Debug|Any CPU.ActiveCfg = Debug|Any CPU
		{89F1F6F1-92F4-4856-85F6-0ACFD1BB016B}.Debug|Any CPU.Build.0 = Debug|Any CPU
		{89F1F6F1-92F4-4856-85F6-0ACFD1BB016B}.Release|Any CPU.ActiveCfg = Release|Any CPU
		{89F1F6F1-92F4-4856-85F6-0ACFD1BB016B}.Release|Any CPU.Build.0 = Release|Any CPU
		{99493EFC-63C6-4647-A0B5-64D580AB36CF}.Debug|Any CPU.ActiveCfg = Debug|Any CPU
		{99493EFC-63C6-4647-A0B5-64D580AB36CF}.Debug|Any CPU.Build.0 = Debug|Any CPU
		{99493EFC-63C6-4647-A0B5-64D580AB36CF}.Release|Any CPU.ActiveCfg = Release|Any CPU
		{99493EFC-63C6-4647-A0B5-64D580AB36CF}.Release|Any CPU.Build.0 = Release|Any CPU
		{A7041FC7-51EE-4A85-A901-CDE0268EE5AF}.Debug|Any CPU.ActiveCfg = Debug|Any CPU
		{A7041FC7-51EE-4A85-A901-CDE0268EE5AF}.Debug|Any CPU.Build.0 = Debug|Any CPU
		{A7041FC7-51EE-4A85-A901-CDE0268EE5AF}.Release|Any CPU.ActiveCfg = Release|Any CPU
		{A7041FC7-51EE-4A85-A901-CDE0268EE5AF}.Release|Any CPU.Build.0 = Release|Any CPU
		{6B10915C-91CA-4969-B62E-23561EC41FF7}.Debug|Any CPU.ActiveCfg = Debug|Any CPU
		{6B10915C-91CA-4969-B62E-23561EC41FF7}.Debug|Any CPU.Build.0 = Debug|Any CPU
		{6B10915C-91CA-4969-B62E-23561EC41FF7}.Release|Any CPU.ActiveCfg = Release|Any CPU
		{6B10915C-91CA-4969-B62E-23561EC41FF7}.Release|Any CPU.Build.0 = Release|Any CPU
		{1D0C4F15-B7D9-454B-ABF9-33B169600430}.Debug|Any CPU.ActiveCfg = Debug|Any CPU
		{1D0C4F15-B7D9-454B-ABF9-33B169600430}.Debug|Any CPU.Build.0 = Debug|Any CPU
		{1D0C4F15-B7D9-454B-ABF9-33B169600430}.Release|Any CPU.ActiveCfg = Release|Any CPU
		{1D0C4F15-B7D9-454B-ABF9-33B169600430}.Release|Any CPU.Build.0 = Release|Any CPU
		{FAB0FF93-C69A-4D83-A249-93679526155B}.Debug|Any CPU.ActiveCfg = Debug|Any CPU
		{FAB0FF93-C69A-4D83-A249-93679526155B}.Debug|Any CPU.Build.0 = Debug|Any CPU
		{FAB0FF93-C69A-4D83-A249-93679526155B}.Release|Any CPU.ActiveCfg = Release|Any CPU
		{FAB0FF93-C69A-4D83-A249-93679526155B}.Release|Any CPU.Build.0 = Release|Any CPU
	EndGlobalSection
	GlobalSection(SolutionProperties) = preSolution
		HideSolutionNode = FALSE
	EndGlobalSection
	GlobalSection(ExtensibilityGlobals) = postSolution
		SolutionGuid = {353048DE-E588-4492-816D-F568F2F5130D}
	EndGlobalSection
EndGlobal
