
Microsoft Visual Studio Solution File, Format Version 12.00
# Visual Studio 15
VisualStudioVersion = 15.0.28010.2036
MinimumVisualStudioVersion = 10.0.40219.1
Project("{FAE04EC0-301F-11D3-BF4B-00C04F79EFBC}") = "Math12345", "Math12345\Math12345.csproj", "{D19BAEC2-6D69-41D6-9B91-BDDB0079CFA8}"
EndProject
Global
	GlobalSection(SolutionConfigurationPlatforms) = preSolution
		Debug|Any CPU = Debug|Any CPU
		Release|Any CPU = Release|Any CPU
	EndGlobalSection
	GlobalSection(ProjectConfigurationPlatforms) = postSolution
		{D19BAEC2-6D69-41D6-9B91-BDDB0079CFA8}.Debug|Any CPU.ActiveCfg = Debug|Any CPU
		{D19BAEC2-6D69-41D6-9B91-BDDB0079CFA8}.Debug|Any CPU.Build.0 = Debug|Any CPU
		{D19BAEC2-6D69-41D6-9B91-BDDB0079CFA8}.Release|Any CPU.ActiveCfg = Release|Any CPU
		{D19BAEC2-6D69-41D6-9B91-BDDB0079CFA8}.Release|Any CPU.Build.0 = Release|Any CPU
	EndGlobalSection
	GlobalSection(SolutionProperties) = preSolution
		HideSolutionNode = FALSE
	EndGlobalSection
	GlobalSection(ExtensibilityGlobals) = postSolution
		SolutionGuid = {7F11FF54-4E4D-46AD-AE89-E8CA609DB2C4}
	EndGlobalSection
EndGlobal
