
Microsoft Visual Studio Solution File, Format Version 12.00
# Visual Studio Version 16
VisualStudioVersion = 16.0.29424.173
MinimumVisualStudioVersion = 10.0.40219.1
Project("{9A19103F-16F7-4668-BE54-9A1E7A4F7556}") = "PetStore", "PetStore\PetStore.csproj", "{8FFD15E1-6282-4A98-95CC-78FDDC80CFDB}"
EndProject
Project("{9A19103F-16F7-4668-BE54-9A1E7A4F7556}") = "PetStore.Models", "PetStore.Models\PetStore.Models.csproj", "{63317D15-4CA9-472F-8B46-187AE2320C6F}"
EndProject
Project("{9A19103F-16F7-4668-BE54-9A1E7A4F7556}") = "PetStore.Services", "PetStore.Services\PetStore.Services.csproj", "{90E93CD2-D1B5-4552-84DA-277A98A0CE89}"
EndProject
Project("{9A19103F-16F7-4668-BE54-9A1E7A4F7556}") = "PetStore.Services.Models", "PetStore.Services.Models\PetStore.Services.Models.csproj", "{FF9B70D4-6CD3-4316-BE31-4EDB95438DD2}"
EndProject
Project("{9A19103F-16F7-4668-BE54-9A1E7A4F7556}") = "PetStore.Data", "PetStore.Data\PetStore.Data.csproj", "{2E516C6E-803A-4CA0-A220-C08EF3EE129B}"
EndProject
Project("{2150E333-8FDC-42A3-9474-1A3956D46DE8}") = "Data", "Data", "{4D7A8A7D-9950-46FD-9230-E452A6654035}"
EndProject
Project("{2150E333-8FDC-42A3-9474-1A3956D46DE8}") = "Services", "Services", "{279E4A61-9111-40FA-84DD-1920B52DC727}"
EndProject
Project("{FAE04EC0-301F-11D3-BF4B-00C04F79EFBC}") = "PetStore.Web", "PetStore.Web\PetStore.Web.csproj", "{36B81686-3C1D-4BCD-8F50-74AAA81ABE47}"
EndProject
Global
	GlobalSection(SolutionConfigurationPlatforms) = preSolution
		Debug|Any CPU = Debug|Any CPU
		Release|Any CPU = Release|Any CPU
	EndGlobalSection
	GlobalSection(ProjectConfigurationPlatforms) = postSolution
		{8FFD15E1-6282-4A98-95CC-78FDDC80CFDB}.Debug|Any CPU.ActiveCfg = Debug|Any CPU
		{8FFD15E1-6282-4A98-95CC-78FDDC80CFDB}.Debug|Any CPU.Build.0 = Debug|Any CPU
		{8FFD15E1-6282-4A98-95CC-78FDDC80CFDB}.Release|Any CPU.ActiveCfg = Release|Any CPU
		{8FFD15E1-6282-4A98-95CC-78FDDC80CFDB}.Release|Any CPU.Build.0 = Release|Any CPU
		{63317D15-4CA9-472F-8B46-187AE2320C6F}.Debug|Any CPU.ActiveCfg = Debug|Any CPU
		{63317D15-4CA9-472F-8B46-187AE2320C6F}.Debug|Any CPU.Build.0 = Debug|Any CPU
		{63317D15-4CA9-472F-8B46-187AE2320C6F}.Release|Any CPU.ActiveCfg = Release|Any CPU
		{63317D15-4CA9-472F-8B46-187AE2320C6F}.Release|Any CPU.Build.0 = Release|Any CPU
		{90E93CD2-D1B5-4552-84DA-277A98A0CE89}.Debug|Any CPU.ActiveCfg = Debug|Any CPU
		{90E93CD2-D1B5-4552-84DA-277A98A0CE89}.Debug|Any CPU.Build.0 = Debug|Any CPU
		{90E93CD2-D1B5-4552-84DA-277A98A0CE89}.Release|Any CPU.ActiveCfg = Release|Any CPU
		{90E93CD2-D1B5-4552-84DA-277A98A0CE89}.Release|Any CPU.Build.0 = Release|Any CPU
		{FF9B70D4-6CD3-4316-BE31-4EDB95438DD2}.Debug|Any CPU.ActiveCfg = Debug|Any CPU
		{FF9B70D4-6CD3-4316-BE31-4EDB95438DD2}.Debug|Any CPU.Build.0 = Debug|Any CPU
		{FF9B70D4-6CD3-4316-BE31-4EDB95438DD2}.Release|Any CPU.ActiveCfg = Release|Any CPU
		{FF9B70D4-6CD3-4316-BE31-4EDB95438DD2}.Release|Any CPU.Build.0 = Release|Any CPU
		{2E516C6E-803A-4CA0-A220-C08EF3EE129B}.Debug|Any CPU.ActiveCfg = Debug|Any CPU
		{2E516C6E-803A-4CA0-A220-C08EF3EE129B}.Debug|Any CPU.Build.0 = Debug|Any CPU
		{2E516C6E-803A-4CA0-A220-C08EF3EE129B}.Release|Any CPU.ActiveCfg = Release|Any CPU
		{2E516C6E-803A-4CA0-A220-C08EF3EE129B}.Release|Any CPU.Build.0 = Release|Any CPU
		{36B81686-3C1D-4BCD-8F50-74AAA81ABE47}.Debug|Any CPU.ActiveCfg = Debug|Any CPU
		{36B81686-3C1D-4BCD-8F50-74AAA81ABE47}.Debug|Any CPU.Build.0 = Debug|Any CPU
		{36B81686-3C1D-4BCD-8F50-74AAA81ABE47}.Release|Any CPU.ActiveCfg = Release|Any CPU
		{36B81686-3C1D-4BCD-8F50-74AAA81ABE47}.Release|Any CPU.Build.0 = Release|Any CPU
	EndGlobalSection
	GlobalSection(SolutionProperties) = preSolution
		HideSolutionNode = FALSE
	EndGlobalSection
	GlobalSection(NestedProjects) = preSolution
		{63317D15-4CA9-472F-8B46-187AE2320C6F} = {4D7A8A7D-9950-46FD-9230-E452A6654035}
		{90E93CD2-D1B5-4552-84DA-277A98A0CE89} = {279E4A61-9111-40FA-84DD-1920B52DC727}
		{FF9B70D4-6CD3-4316-BE31-4EDB95438DD2} = {279E4A61-9111-40FA-84DD-1920B52DC727}
		{2E516C6E-803A-4CA0-A220-C08EF3EE129B} = {4D7A8A7D-9950-46FD-9230-E452A6654035}
	EndGlobalSection
	GlobalSection(ExtensibilityGlobals) = postSolution
		SolutionGuid = {667B7AF3-A3A8-40A9-B6A4-313269EE11BB}
	EndGlobalSection
EndGlobal
