
Microsoft Visual Studio Solution File, Format Version 12.00
# Visual Studio 15
VisualStudioVersion = 15.0.28010.2036
MinimumVisualStudioVersion = 10.0.40219.1
Project("{FAE04EC0-301F-11D3-BF4B-00C04F79EFBC}") = "GreetingByName", "GreetingByName\GreetingByName.csproj", "{126FE4C7-E8ED-4067-82D6-DDA45EA3556B}"
EndProject
Global
	GlobalSection(SolutionConfigurationPlatforms) = preSolution
		Debug|Any CPU = Debug|Any CPU
		Release|Any CPU = Release|Any CPU
	EndGlobalSection
	GlobalSection(ProjectConfigurationPlatforms) = postSolution
		{126FE4C7-E8ED-4067-82D6-DDA45EA3556B}.Debug|Any CPU.ActiveCfg = Debug|Any CPU
		{126FE4C7-E8ED-4067-82D6-DDA45EA3556B}.Debug|Any CPU.Build.0 = Debug|Any CPU
		{126FE4C7-E8ED-4067-82D6-DDA45EA3556B}.Release|Any CPU.ActiveCfg = Release|Any CPU
		{126FE4C7-E8ED-4067-82D6-DDA45EA3556B}.Release|Any CPU.Build.0 = Release|Any CPU
	EndGlobalSection
	GlobalSection(SolutionProperties) = preSolution
		HideSolutionNode = FALSE
	EndGlobalSection
	GlobalSection(ExtensibilityGlobals) = postSolution
		SolutionGuid = {A0EC2964-69B8-4288-81F8-4089BF41F3D5}
	EndGlobalSection
EndGlobal
