
Microsoft Visual Studio Solution File, Format Version 12.00
# Visual Studio 15
VisualStudioVersion = 15.0.28010.2036
MinimumVisualStudioVersion = 10.0.40219.1
Project("{FAE04EC0-301F-11D3-BF4B-00C04F79EFBC}") = "Lab", "Lab\Lab.csproj", "{F1AC1AF6-9F98-4B9C-875C-65F4559B9739}"
EndProject
Project("{FAE04EC0-301F-11D3-BF4B-00C04F79EFBC}") = "NumbersFrom1To100", "NumbersFrom1To100\NumbersFrom1To100.csproj", "{80B09EED-B8FD-48A4-88C3-1E2F6B622A5C}"
EndProject
Project("{FAE04EC0-301F-11D3-BF4B-00C04F79EFBC}") = "LatinLetters", "LatinLetters\LatinLetters.csproj", "{41A26603-1196-4F0E-A7F3-589CC797E717}"
EndProject
Project("{FAE04EC0-301F-11D3-BF4B-00C04F79EFBC}") = "SumOfNumbers", "SumOfNumbers\SumOfNumbers.csproj", "{518B224A-9626-488E-B219-47499C362153}"
EndProject
Project("{FAE04EC0-301F-11D3-BF4B-00C04F79EFBC}") = "SumOfNumbersWithWhileLoops", "SumOfNumbersWithWhileLoops\SumOfNumbersWithWhileLoops.csproj", "{AD2E1ACB-F546-4835-B4D5-33CA4482A044}"
EndProject
Project("{FAE04EC0-301F-11D3-BF4B-00C04F79EFBC}") = "TheBiggestNumber", "TheBiggestNumber\TheBiggestNumber.csproj", "{E258B23B-A91E-49A3-B888-2BA717E7921F}"
EndProject
Project("{FAE04EC0-301F-11D3-BF4B-00C04F79EFBC}") = "TheLowerNumber", "TheLowerNumber\TheLowerNumber.csproj", "{1A45441A-B581-4D50-8205-8F2102BB46D7}"
EndProject
Project("{FAE04EC0-301F-11D3-BF4B-00C04F79EFBC}") = "LeftRightSum", "LeftRightSum\LeftRightSum.csproj", "{4BDEE0E9-B2AA-4246-881D-B6E138322FC5}"
EndProject
Project("{FAE04EC0-301F-11D3-BF4B-00C04F79EFBC}") = "EvenOrOddSum", "EvenOrOddSum\EvenOrOddSum.csproj", "{FF2E00AF-8E07-470D-94F5-81883DAD5B4D}"
EndProject
Project("{FAE04EC0-301F-11D3-BF4B-00C04F79EFBC}") = "SmartLily", "SmartLily\SmartLily.csproj", "{C7733508-3323-45C8-9263-BEDEE60D0812}"
EndProject
Project("{FAE04EC0-301F-11D3-BF4B-00C04F79EFBC}") = "VowelsSum", "VowelsSum\VowelsSum.csproj", "{BFD81200-EB82-4080-8C39-0F54890DAB7F}"
EndProject
Global
	GlobalSection(SolutionConfigurationPlatforms) = preSolution
		Debug|Any CPU = Debug|Any CPU
		Release|Any CPU = Release|Any CPU
	EndGlobalSection
	GlobalSection(ProjectConfigurationPlatforms) = postSolution
		{F1AC1AF6-9F98-4B9C-875C-65F4559B9739}.Debug|Any CPU.ActiveCfg = Debug|Any CPU
		{F1AC1AF6-9F98-4B9C-875C-65F4559B9739}.Debug|Any CPU.Build.0 = Debug|Any CPU
		{F1AC1AF6-9F98-4B9C-875C-65F4559B9739}.Release|Any CPU.ActiveCfg = Release|Any CPU
		{F1AC1AF6-9F98-4B9C-875C-65F4559B9739}.Release|Any CPU.Build.0 = Release|Any CPU
		{80B09EED-B8FD-48A4-88C3-1E2F6B622A5C}.Debug|Any CPU.ActiveCfg = Debug|Any CPU
		{80B09EED-B8FD-48A4-88C3-1E2F6B622A5C}.Debug|Any CPU.Build.0 = Debug|Any CPU
		{80B09EED-B8FD-48A4-88C3-1E2F6B622A5C}.Release|Any CPU.ActiveCfg = Release|Any CPU
		{80B09EED-B8FD-48A4-88C3-1E2F6B622A5C}.Release|Any CPU.Build.0 = Release|Any CPU
		{41A26603-1196-4F0E-A7F3-589CC797E717}.Debug|Any CPU.ActiveCfg = Debug|Any CPU
		{41A26603-1196-4F0E-A7F3-589CC797E717}.Debug|Any CPU.Build.0 = Debug|Any CPU
		{41A26603-1196-4F0E-A7F3-589CC797E717}.Release|Any CPU.ActiveCfg = Release|Any CPU
		{41A26603-1196-4F0E-A7F3-589CC797E717}.Release|Any CPU.Build.0 = Release|Any CPU
		{518B224A-9626-488E-B219-47499C362153}.Debug|Any CPU.ActiveCfg = Debug|Any CPU
		{518B224A-9626-488E-B219-47499C362153}.Debug|Any CPU.Build.0 = Debug|Any CPU
		{518B224A-9626-488E-B219-47499C362153}.Release|Any CPU.ActiveCfg = Release|Any CPU
		{518B224A-9626-488E-B219-47499C362153}.Release|Any CPU.Build.0 = Release|Any CPU
		{AD2E1ACB-F546-4835-B4D5-33CA4482A044}.Debug|Any CPU.ActiveCfg = Debug|Any CPU
		{AD2E1ACB-F546-4835-B4D5-33CA4482A044}.Debug|Any CPU.Build.0 = Debug|Any CPU
		{AD2E1ACB-F546-4835-B4D5-33CA4482A044}.Release|Any CPU.ActiveCfg = Release|Any CPU
		{AD2E1ACB-F546-4835-B4D5-33CA4482A044}.Release|Any CPU.Build.0 = Release|Any CPU
		{E258B23B-A91E-49A3-B888-2BA717E7921F}.Debug|Any CPU.ActiveCfg = Debug|Any CPU
		{E258B23B-A91E-49A3-B888-2BA717E7921F}.Debug|Any CPU.Build.0 = Debug|Any CPU
		{E258B23B-A91E-49A3-B888-2BA717E7921F}.Release|Any CPU.ActiveCfg = Release|Any CPU
		{E258B23B-A91E-49A3-B888-2BA717E7921F}.Release|Any CPU.Build.0 = Release|Any CPU
		{1A45441A-B581-4D50-8205-8F2102BB46D7}.Debug|Any CPU.ActiveCfg = Debug|Any CPU
		{1A45441A-B581-4D50-8205-8F2102BB46D7}.Debug|Any CPU.Build.0 = Debug|Any CPU
		{1A45441A-B581-4D50-8205-8F2102BB46D7}.Release|Any CPU.ActiveCfg = Release|Any CPU
		{1A45441A-B581-4D50-8205-8F2102BB46D7}.Release|Any CPU.Build.0 = Release|Any CPU
		{4BDEE0E9-B2AA-4246-881D-B6E138322FC5}.Debug|Any CPU.ActiveCfg = Debug|Any CPU
		{4BDEE0E9-B2AA-4246-881D-B6E138322FC5}.Debug|Any CPU.Build.0 = Debug|Any CPU
		{4BDEE0E9-B2AA-4246-881D-B6E138322FC5}.Release|Any CPU.ActiveCfg = Release|Any CPU
		{4BDEE0E9-B2AA-4246-881D-B6E138322FC5}.Release|Any CPU.Build.0 = Release|Any CPU
		{FF2E00AF-8E07-470D-94F5-81883DAD5B4D}.Debug|Any CPU.ActiveCfg = Debug|Any CPU
		{FF2E00AF-8E07-470D-94F5-81883DAD5B4D}.Debug|Any CPU.Build.0 = Debug|Any CPU
		{FF2E00AF-8E07-470D-94F5-81883DAD5B4D}.Release|Any CPU.ActiveCfg = Release|Any CPU
		{FF2E00AF-8E07-470D-94F5-81883DAD5B4D}.Release|Any CPU.Build.0 = Release|Any CPU
		{C7733508-3323-45C8-9263-BEDEE60D0812}.Debug|Any CPU.ActiveCfg = Debug|Any CPU
		{C7733508-3323-45C8-9263-BEDEE60D0812}.Debug|Any CPU.Build.0 = Debug|Any CPU
		{C7733508-3323-45C8-9263-BEDEE60D0812}.Release|Any CPU.ActiveCfg = Release|Any CPU
		{C7733508-3323-45C8-9263-BEDEE60D0812}.Release|Any CPU.Build.0 = Release|Any CPU
		{BFD81200-EB82-4080-8C39-0F54890DAB7F}.Debug|Any CPU.ActiveCfg = Debug|Any CPU
		{BFD81200-EB82-4080-8C39-0F54890DAB7F}.Debug|Any CPU.Build.0 = Debug|Any CPU
		{BFD81200-EB82-4080-8C39-0F54890DAB7F}.Release|Any CPU.ActiveCfg = Release|Any CPU
		{BFD81200-EB82-4080-8C39-0F54890DAB7F}.Release|Any CPU.Build.0 = Release|Any CPU
	EndGlobalSection
	GlobalSection(SolutionProperties) = preSolution
		HideSolutionNode = FALSE
	EndGlobalSection
	GlobalSection(ExtensibilityGlobals) = postSolution
		SolutionGuid = {5EE970C9-5726-4396-89CC-120CFADD4B33}
	EndGlobalSection
EndGlobal
